
Microsoft Visual Studio Solution File, Format Version 12.00
# Visual Studio Version 16
VisualStudioVersion = 16.0.29418.71
MinimumVisualStudioVersion = 10.0.40219.1
Project("{FAE04EC0-301F-11D3-BF4B-00C04F79EFBC}") = "IWasThere", "IWasThere.csproj", "{2D245EA1-6EFC-4C37-9106-71E9E8D6E2C5}"
EndProject
Global
	GlobalSection(SolutionConfigurationPlatforms) = preSolution
		Debug|Any CPU = Debug|Any CPU
		Release|Any CPU = Release|Any CPU
	EndGlobalSection
	GlobalSection(ProjectConfigurationPlatforms) = postSolution
		{2D245EA1-6EFC-4C37-9106-71E9E8D6E2C5}.Debug|Any CPU.ActiveCfg = Debug|Any CPU
		{2D245EA1-6EFC-4C37-9106-71E9E8D6E2C5}.Debug|Any CPU.Build.0 = Debug|Any CPU
		{2D245EA1-6EFC-4C37-9106-71E9E8D6E2C5}.Release|Any CPU.ActiveCfg = Release|Any CPU
		{2D245EA1-6EFC-4C37-9106-71E9E8D6E2C5}.Release|Any CPU.Build.0 = Release|Any CPU
	EndGlobalSection
	GlobalSection(SolutionProperties) = preSolution
		HideSolutionNode = FALSE
	EndGlobalSection
	GlobalSection(ExtensibilityGlobals) = postSolution
		SolutionGuid = {F22023F4-2AD5-4A3F-A2A9-7F1740A0FB63}
	EndGlobalSection
EndGlobal
